
Microsoft Visual Studio Solution File, Format Version 12.00
# Visual Studio Version 16
VisualStudioVersion = 16.0.31702.278
MinimumVisualStudioVersion = 10.0.40219.1
Project("{FAE04EC0-301F-11D3-BF4B-00C04F79EFBC}") = "Alura.CoisasAFazer.Core", "Alura.CoisasAFazer\Alura.CoisasAFazer.Core.csproj", "{AFB2E9C1-D1EA-4B98-9B19-016E19B72F8F}"
EndProject
Project("{FAE04EC0-301F-11D3-BF4B-00C04F79EFBC}") = "Alura.CoisasAFazer.Infrastructure", "Alura.CoisasAFazer.Infrastructure\Alura.CoisasAFazer.Infrastructure.csproj", "{EA09F08A-DB27-40FE-80CE-5A70858FEF85}"
EndProject
Project("{FAE04EC0-301F-11D3-BF4B-00C04F79EFBC}") = "Alura.CoisasAFazer.Services", "Alura.CoisasAFazer.Services\Alura.CoisasAFazer.Services.csproj", "{A554945F-2332-4465-A611-F121C4B9561E}"
EndProject
Project("{FAE04EC0-301F-11D3-BF4B-00C04F79EFBC}") = "Alura.CoisasAFazer.WebApp", "Alura.CoisasAFazer.WebApp\Alura.CoisasAFazer.WebApp.csproj", "{857F9272-4BA4-4FD7-9CD7-EE302D57E4B2}"
EndProject
Project("{2150E333-8FDC-42A3-9474-1A3956D46DE8}") = "src", "src", "{BBB08B04-D820-46FD-B84C-E34D888D7BF1}"
EndProject
Project("{2150E333-8FDC-42A3-9474-1A3956D46DE8}") = "tests", "tests", "{D5CDE25D-D878-4039-9027-8D152783177B}"
EndProject
Project("{FAE04EC0-301F-11D3-BF4B-00C04F79EFBC}") = "Alura.CoisasAFazer.Testes", "Alura.CoisasAFazer.Testes\Alura.CoisasAFazer.Testes.csproj", "{2F409556-984A-4D7B-A6FB-1C50C5F8170D}"
EndProject
Global
	GlobalSection(SolutionConfigurationPlatforms) = preSolution
		Debug|Any CPU = Debug|Any CPU
		Release|Any CPU = Release|Any CPU
	EndGlobalSection
	GlobalSection(ProjectConfigurationPlatforms) = postSolution
		{AFB2E9C1-D1EA-4B98-9B19-016E19B72F8F}.Debug|Any CPU.ActiveCfg = Debug|Any CPU
		{AFB2E9C1-D1EA-4B98-9B19-016E19B72F8F}.Debug|Any CPU.Build.0 = Debug|Any CPU
		{AFB2E9C1-D1EA-4B98-9B19-016E19B72F8F}.Release|Any CPU.ActiveCfg = Release|Any CPU
		{AFB2E9C1-D1EA-4B98-9B19-016E19B72F8F}.Release|Any CPU.Build.0 = Release|Any CPU
		{EA09F08A-DB27-40FE-80CE-5A70858FEF85}.Debug|Any CPU.ActiveCfg = Debug|Any CPU
		{EA09F08A-DB27-40FE-80CE-5A70858FEF85}.Debug|Any CPU.Build.0 = Debug|Any CPU
		{EA09F08A-DB27-40FE-80CE-5A70858FEF85}.Release|Any CPU.ActiveCfg = Release|Any CPU
		{EA09F08A-DB27-40FE-80CE-5A70858FEF85}.Release|Any CPU.Build.0 = Release|Any CPU
		{A554945F-2332-4465-A611-F121C4B9561E}.Debug|Any CPU.ActiveCfg = Debug|Any CPU
		{A554945F-2332-4465-A611-F121C4B9561E}.Debug|Any CPU.Build.0 = Debug|Any CPU
		{A554945F-2332-4465-A611-F121C4B9561E}.Release|Any CPU.ActiveCfg = Release|Any CPU
		{A554945F-2332-4465-A611-F121C4B9561E}.Release|Any CPU.Build.0 = Release|Any CPU
		{857F9272-4BA4-4FD7-9CD7-EE302D57E4B2}.Debug|Any CPU.ActiveCfg = Debug|Any CPU
		{857F9272-4BA4-4FD7-9CD7-EE302D57E4B2}.Debug|Any CPU.Build.0 = Debug|Any CPU
		{857F9272-4BA4-4FD7-9CD7-EE302D57E4B2}.Release|Any CPU.ActiveCfg = Release|Any CPU
		{857F9272-4BA4-4FD7-9CD7-EE302D57E4B2}.Release|Any CPU.Build.0 = Release|Any CPU
		{2F409556-984A-4D7B-A6FB-1C50C5F8170D}.Debug|Any CPU.ActiveCfg = Debug|Any CPU
		{2F409556-984A-4D7B-A6FB-1C50C5F8170D}.Debug|Any CPU.Build.0 = Debug|Any CPU
		{2F409556-984A-4D7B-A6FB-1C50C5F8170D}.Release|Any CPU.ActiveCfg = Release|Any CPU
		{2F409556-984A-4D7B-A6FB-1C50C5F8170D}.Release|Any CPU.Build.0 = Release|Any CPU
	EndGlobalSection
	GlobalSection(SolutionProperties) = preSolution
		HideSolutionNode = FALSE
	EndGlobalSection
	GlobalSection(NestedProjects) = preSolution
		{AFB2E9C1-D1EA-4B98-9B19-016E19B72F8F} = {BBB08B04-D820-46FD-B84C-E34D888D7BF1}
		{EA09F08A-DB27-40FE-80CE-5A70858FEF85} = {BBB08B04-D820-46FD-B84C-E34D888D7BF1}
		{A554945F-2332-4465-A611-F121C4B9561E} = {BBB08B04-D820-46FD-B84C-E34D888D7BF1}
		{857F9272-4BA4-4FD7-9CD7-EE302D57E4B2} = {BBB08B04-D820-46FD-B84C-E34D888D7BF1}
		{2F409556-984A-4D7B-A6FB-1C50C5F8170D} = {D5CDE25D-D878-4039-9027-8D152783177B}
	EndGlobalSection
	GlobalSection(ExtensibilityGlobals) = postSolution
		SolutionGuid = {1B77A2FF-0D62-4EB2-A33A-FA01B0AEF5E9}
	EndGlobalSection
EndGlobal
